
Microsoft Visual Studio Solution File, Format Version 12.00
# Visual Studio 2013
VisualStudioVersion = 12.0.31101.0
MinimumVisualStudioVersion = 10.0.40219.1
Project("{FAE04EC0-301F-11D3-BF4B-00C04F79EFBC}") = "DropNetRT", "DropNetRT\DropNetRT.csproj", "{CBD8709C-B82D-44ED-8F31-963B7EED2BA9}"
EndProject
Project("{FAE04EC0-301F-11D3-BF4B-00C04F79EFBC}") = "DropNetRT.Tests", "DropNetRT.Tests\DropNetRT.Tests.csproj", "{4892A78D-0053-4C4F-A683-F1ED48DDA4A7}"
EndProject
Project("{2150E333-8FDC-42A3-9474-1A3956D46DE8}") = "Solution Items", "Solution Items", "{A86FDA1C-ADD5-4E21-9093-D9C4086A2C38}"
	ProjectSection(SolutionItems) = preProject
		appveyor.yml = appveyor.yml
		README.md = README.md
	EndProjectSection
EndProject
Global
	GlobalSection(SolutionConfigurationPlatforms) = preSolution
		Debug|Any CPU = Debug|Any CPU
		Debug|ARM = Debug|ARM
		Debug|x86 = Debug|x86
		Release|Any CPU = Release|Any CPU
		Release|ARM = Release|ARM
		Release|x86 = Release|x86
	EndGlobalSection
	GlobalSection(ProjectConfigurationPlatforms) = postSolution
		{CBD8709C-B82D-44ED-8F31-963B7EED2BA9}.Debug|Any CPU.ActiveCfg = Debug|Any CPU
		{CBD8709C-B82D-44ED-8F31-963B7EED2BA9}.Debug|Any CPU.Build.0 = Debug|Any CPU
		{CBD8709C-B82D-44ED-8F31-963B7EED2BA9}.Debug|ARM.ActiveCfg = Debug|Any CPU
		{CBD8709C-B82D-44ED-8F31-963B7EED2BA9}.Debug|x86.ActiveCfg = Debug|Any CPU
		{CBD8709C-B82D-44ED-8F31-963B7EED2BA9}.Release|Any CPU.ActiveCfg = Release|Any CPU
		{CBD8709C-B82D-44ED-8F31-963B7EED2BA9}.Release|Any CPU.Build.0 = Release|Any CPU
		{CBD8709C-B82D-44ED-8F31-963B7EED2BA9}.Release|ARM.ActiveCfg = Release|Any CPU
		{CBD8709C-B82D-44ED-8F31-963B7EED2BA9}.Release|x86.ActiveCfg = Release|Any CPU
		{4892A78D-0053-4C4F-A683-F1ED48DDA4A7}.Debug|Any CPU.ActiveCfg = Debug|Any CPU
		{4892A78D-0053-4C4F-A683-F1ED48DDA4A7}.Debug|Any CPU.Build.0 = Debug|Any CPU
		{4892A78D-0053-4C4F-A683-F1ED48DDA4A7}.Debug|ARM.ActiveCfg = Debug|Any CPU
		{4892A78D-0053-4C4F-A683-F1ED48DDA4A7}.Debug|x86.ActiveCfg = Debug|Any CPU
		{4892A78D-0053-4C4F-A683-F1ED48DDA4A7}.Release|Any CPU.ActiveCfg = Release|Any CPU
		{4892A78D-0053-4C4F-A683-F1ED48DDA4A7}.Release|Any CPU.Build.0 = Release|Any CPU
		{4892A78D-0053-4C4F-A683-F1ED48DDA4A7}.Release|ARM.ActiveCfg = Release|Any CPU
		{4892A78D-0053-4C4F-A683-F1ED48DDA4A7}.Release|x86.ActiveCfg = Release|Any CPU
	EndGlobalSection
	GlobalSection(SolutionProperties) = preSolution
		HideSolutionNode = FALSE
	EndGlobalSection
EndGlobal
