
Microsoft Visual Studio Solution File, Format Version 12.00
# Visual Studio 2012
Project("{FAE04EC0-301F-11D3-BF4B-00C04F79EFBC}") = "DropNet2", "DropNet2.csproj", "{CBD8709C-B82D-44ED-8F31-963B7EED2BA9}"
EndProject
Project("{FAE04EC0-301F-11D3-BF4B-00C04F79EFBC}") = "DropNet2Tests", "..\DropNet2Tests\DropNet2Tests.csproj", "{4892A78D-0053-4C4F-A683-F1ED48DDA4A7}"
EndProject
Global
	GlobalSection(SolutionConfigurationPlatforms) = preSolution
		Debug|Any CPU = Debug|Any CPU
		Release|Any CPU = Release|Any CPU
	EndGlobalSection
	GlobalSection(ProjectConfigurationPlatforms) = postSolution
		{CBD8709C-B82D-44ED-8F31-963B7EED2BA9}.Debug|Any CPU.ActiveCfg = Debug|Any CPU
		{CBD8709C-B82D-44ED-8F31-963B7EED2BA9}.Debug|Any CPU.Build.0 = Debug|Any CPU
		{CBD8709C-B82D-44ED-8F31-963B7EED2BA9}.Release|Any CPU.ActiveCfg = Release|Any CPU
		{CBD8709C-B82D-44ED-8F31-963B7EED2BA9}.Release|Any CPU.Build.0 = Release|Any CPU
		{4892A78D-0053-4C4F-A683-F1ED48DDA4A7}.Debug|Any CPU.ActiveCfg = Debug|Any CPU
		{4892A78D-0053-4C4F-A683-F1ED48DDA4A7}.Debug|Any CPU.Build.0 = Debug|Any CPU
		{4892A78D-0053-4C4F-A683-F1ED48DDA4A7}.Release|Any CPU.ActiveCfg = Release|Any CPU
		{4892A78D-0053-4C4F-A683-F1ED48DDA4A7}.Release|Any CPU.Build.0 = Release|Any CPU
	EndGlobalSection
	GlobalSection(SolutionProperties) = preSolution
		HideSolutionNode = FALSE
	EndGlobalSection
EndGlobal
